
Microsoft Visual Studio Solution File, Format Version 12.00
# Visual Studio Version 17
VisualStudioVersion = 17.9.34728.123
MinimumVisualStudioVersion = 10.0.40219.1
Project("{FAE04EC0-301F-11D3-BF4B-00C04F79EFBC}") = "EF_CodeFirst", "EF_CodeFirst.csproj", "{80CD59A6-7CD1-4995-BBB3-7B1507F890F1}"
EndProject
Global
	GlobalSection(SolutionConfigurationPlatforms) = preSolution
		Debug|Any CPU = Debug|Any CPU
		Release|Any CPU = Release|Any CPU
	EndGlobalSection
	GlobalSection(ProjectConfigurationPlatforms) = postSolution
		{80CD59A6-7CD1-4995-BBB3-7B1507F890F1}.Debug|Any CPU.ActiveCfg = Debug|Any CPU
		{80CD59A6-7CD1-4995-BBB3-7B1507F890F1}.Debug|Any CPU.Build.0 = Debug|Any CPU
		{80CD59A6-7CD1-4995-BBB3-7B1507F890F1}.Release|Any CPU.ActiveCfg = Release|Any CPU
		{80CD59A6-7CD1-4995-BBB3-7B1507F890F1}.Release|Any CPU.Build.0 = Release|Any CPU
	EndGlobalSection
	GlobalSection(SolutionProperties) = preSolution
		HideSolutionNode = FALSE
	EndGlobalSection
	GlobalSection(ExtensibilityGlobals) = postSolution
		SolutionGuid = {D3618C30-AECF-4739-BC57-110B94D50E3E}
	EndGlobalSection
EndGlobal
